
Microsoft Visual Studio Solution File, Format Version 12.00
# Visual Studio Version 17
VisualStudioVersion = 17.3.32929.385
MinimumVisualStudioVersion = 10.0.40219.1
Project("{9A19103F-16F7-4668-BE54-9A1E7A4F7556}") = "CleanSample.UI", "CleanSample.UI\CleanSample.UI.csproj", "{5C30BCED-0D39-4BB5-BD8B-5094341B040C}"
EndProject
Project("{9A19103F-16F7-4668-BE54-9A1E7A4F7556}") = "Presenters", "Presenters\Presenters.csproj", "{DED1B92D-7CBD-4BAA-8678-97FA69569AEB}"
EndProject
Project("{9A19103F-16F7-4668-BE54-9A1E7A4F7556}") = "UseCases", "UseCases\UseCases.csproj", "{34740B58-FFEC-4E16-8A0F-4250C79599CD}"
EndProject
Project("{9A19103F-16F7-4668-BE54-9A1E7A4F7556}") = "Entities", "Entities\Entities.csproj", "{78B71423-79F0-4C55-B428-534989526ED2}"
EndProject
Project("{9A19103F-16F7-4668-BE54-9A1E7A4F7556}") = "Gateways", "Gateways\Gateways.csproj", "{233304CB-EBF6-45BE-B267-568670F44B28}"
EndProject
Project("{9A19103F-16F7-4668-BE54-9A1E7A4F7556}") = "Controllers", "Controllers\Controllers.csproj", "{8AC62DD5-A620-408C-8E7A-06D044717506}"
EndProject
Global
	GlobalSection(SolutionConfigurationPlatforms) = preSolution
		Debug|Any CPU = Debug|Any CPU
		Release|Any CPU = Release|Any CPU
	EndGlobalSection
	GlobalSection(ProjectConfigurationPlatforms) = postSolution
		{5C30BCED-0D39-4BB5-BD8B-5094341B040C}.Debug|Any CPU.ActiveCfg = Debug|Any CPU
		{5C30BCED-0D39-4BB5-BD8B-5094341B040C}.Debug|Any CPU.Build.0 = Debug|Any CPU
		{5C30BCED-0D39-4BB5-BD8B-5094341B040C}.Release|Any CPU.ActiveCfg = Release|Any CPU
		{5C30BCED-0D39-4BB5-BD8B-5094341B040C}.Release|Any CPU.Build.0 = Release|Any CPU
		{DED1B92D-7CBD-4BAA-8678-97FA69569AEB}.Debug|Any CPU.ActiveCfg = Debug|Any CPU
		{DED1B92D-7CBD-4BAA-8678-97FA69569AEB}.Debug|Any CPU.Build.0 = Debug|Any CPU
		{DED1B92D-7CBD-4BAA-8678-97FA69569AEB}.Release|Any CPU.ActiveCfg = Release|Any CPU
		{DED1B92D-7CBD-4BAA-8678-97FA69569AEB}.Release|Any CPU.Build.0 = Release|Any CPU
		{34740B58-FFEC-4E16-8A0F-4250C79599CD}.Debug|Any CPU.ActiveCfg = Debug|Any CPU
		{34740B58-FFEC-4E16-8A0F-4250C79599CD}.Debug|Any CPU.Build.0 = Debug|Any CPU
		{34740B58-FFEC-4E16-8A0F-4250C79599CD}.Release|Any CPU.ActiveCfg = Release|Any CPU
		{34740B58-FFEC-4E16-8A0F-4250C79599CD}.Release|Any CPU.Build.0 = Release|Any CPU
		{78B71423-79F0-4C55-B428-534989526ED2}.Debug|Any CPU.ActiveCfg = Debug|Any CPU
		{78B71423-79F0-4C55-B428-534989526ED2}.Debug|Any CPU.Build.0 = Debug|Any CPU
		{78B71423-79F0-4C55-B428-534989526ED2}.Release|Any CPU.ActiveCfg = Release|Any CPU
		{78B71423-79F0-4C55-B428-534989526ED2}.Release|Any CPU.Build.0 = Release|Any CPU
		{233304CB-EBF6-45BE-B267-568670F44B28}.Debug|Any CPU.ActiveCfg = Debug|Any CPU
		{233304CB-EBF6-45BE-B267-568670F44B28}.Debug|Any CPU.Build.0 = Debug|Any CPU
		{233304CB-EBF6-45BE-B267-568670F44B28}.Release|Any CPU.ActiveCfg = Release|Any CPU
		{233304CB-EBF6-45BE-B267-568670F44B28}.Release|Any CPU.Build.0 = Release|Any CPU
		{8AC62DD5-A620-408C-8E7A-06D044717506}.Debug|Any CPU.ActiveCfg = Debug|Any CPU
		{8AC62DD5-A620-408C-8E7A-06D044717506}.Debug|Any CPU.Build.0 = Debug|Any CPU
		{8AC62DD5-A620-408C-8E7A-06D044717506}.Release|Any CPU.ActiveCfg = Release|Any CPU
		{8AC62DD5-A620-408C-8E7A-06D044717506}.Release|Any CPU.Build.0 = Release|Any CPU
	EndGlobalSection
	GlobalSection(SolutionProperties) = preSolution
		HideSolutionNode = FALSE
	EndGlobalSection
	GlobalSection(ExtensibilityGlobals) = postSolution
		SolutionGuid = {8384F3CB-205C-42B5-BA2C-69B0D38BF8B6}
	EndGlobalSection
EndGlobal
